
Microsoft Visual Studio Solution File, Format Version 12.00
# Visual Studio Version 16
VisualStudioVersion = 16.0.31515.178
MinimumVisualStudioVersion = 10.0.40219.1
Project("{FAE04EC0-301F-11D3-BF4B-00C04F79EFBC}") = "Week2Day5", "Week2Day5\Week2Day5.csproj", "{854F8539-ACA2-4D8A-AE63-9A367AA2472D}"
EndProject
Global
	GlobalSection(SolutionConfigurationPlatforms) = preSolution
		Debug|Any CPU = Debug|Any CPU
		Release|Any CPU = Release|Any CPU
	EndGlobalSection
	GlobalSection(ProjectConfigurationPlatforms) = postSolution
		{854F8539-ACA2-4D8A-AE63-9A367AA2472D}.Debug|Any CPU.ActiveCfg = Debug|Any CPU
		{854F8539-ACA2-4D8A-AE63-9A367AA2472D}.Debug|Any CPU.Build.0 = Debug|Any CPU
		{854F8539-ACA2-4D8A-AE63-9A367AA2472D}.Release|Any CPU.ActiveCfg = Release|Any CPU
		{854F8539-ACA2-4D8A-AE63-9A367AA2472D}.Release|Any CPU.Build.0 = Release|Any CPU
	EndGlobalSection
	GlobalSection(SolutionProperties) = preSolution
		HideSolutionNode = FALSE
	EndGlobalSection
	GlobalSection(ExtensibilityGlobals) = postSolution
		SolutionGuid = {CF326EEB-67FE-4CB8-B293-7A821BD8E171}
	EndGlobalSection
EndGlobal
